
Microsoft Visual Studio Solution File, Format Version 12.00
# Visual Studio Version 17
VisualStudioVersion = 17.5.33502.453
MinimumVisualStudioVersion = 10.0.40219.1
Project("{2150E333-8FDC-42A3-9474-1A3956D46DE8}") = "LR1", "LR1", "{974C55AA-2D47-4D2A-BDD7-4A7A247D46D3}"
EndProject
Project("{FAE04EC0-301F-11D3-BF4B-00C04F79EFBC}") = "Task_1", "Task_1\Task_1.csproj", "{F19F1092-52B5-41A7-90F4-E8B4D25DAC43}"
EndProject
Project("{FAE04EC0-301F-11D3-BF4B-00C04F79EFBC}") = "Task_2", "Task_2\Task_2.csproj", "{FA499BAB-DFCD-4F56-9CE3-D43581529975}"
EndProject
Project("{2150E333-8FDC-42A3-9474-1A3956D46DE8}") = "LR2", "LR2", "{DC390B46-32E8-4D52-B4DD-847016804023}"
EndProject
Project("{FAE04EC0-301F-11D3-BF4B-00C04F79EFBC}") = "Task_1_LR2", "Task_1_LR2\Task_1_LR2.csproj", "{FAD178C2-46D2-44DA-AA32-BDB0DFB0449C}"
EndProject
Project("{2150E333-8FDC-42A3-9474-1A3956D46DE8}") = "LR3", "LR3", "{591CA4C2-DB8B-40F4-81D2-25B7A400F8B1}"
EndProject
Project("{FAE04EC0-301F-11D3-BF4B-00C04F79EFBC}") = "Task_1_LR3", "Task_1_LR3\Task_1_LR3.csproj", "{D228C649-C819-4C15-8DDF-492004AB4940}"
EndProject
Project("{FAE04EC0-301F-11D3-BF4B-00C04F79EFBC}") = "Task_2_LR3", "Task_2_LR3\Task_2_LR3.csproj", "{31BCD356-828E-42EC-A60E-2462419CCC90}"
EndProject
Project("{2150E333-8FDC-42A3-9474-1A3956D46DE8}") = "LR4_5", "LR4_5", "{297868DF-0100-4C53-A752-A5115DD6BA6E}"
EndProject
Project("{FAE04EC0-301F-11D3-BF4B-00C04F79EFBC}") = "Task_1_LR4_5", "Task_1_LR4_5\Task_1_LR4_5.csproj", "{C51CD2A7-5D83-4C24-9E53-0EAAA1F7F671}"
EndProject
Project("{FAE04EC0-301F-11D3-BF4B-00C04F79EFBC}") = "Task_2_LR4_5", "Task_2_LR4_5\Task_2_LR4_5.csproj", "{9DF0CC35-0431-4047-A28F-BCC02388C6E3}"
EndProject
Project("{2150E333-8FDC-42A3-9474-1A3956D46DE8}") = "LR6_7", "LR6_7", "{B0C93119-AD44-4346-9D01-D6E3D78483B9}"
EndProject
Project("{FAE04EC0-301F-11D3-BF4B-00C04F79EFBC}") = "Task_1_LR6_7", "Task_1_LR6_7\Task_1_LR6_7.csproj", "{596EE830-263D-4484-9D4C-EA45CCEDA8E3}"
EndProject
Project("{FAE04EC0-301F-11D3-BF4B-00C04F79EFBC}") = "Task_2_LR6_7", "Task_2_LR6_7\Task_2_LR6_7.csproj", "{1E265992-A2F4-41DC-B319-E03F0728054E}"
EndProject
Global
	GlobalSection(SolutionConfigurationPlatforms) = preSolution
		Debug|Any CPU = Debug|Any CPU
		Release|Any CPU = Release|Any CPU
	EndGlobalSection
	GlobalSection(ProjectConfigurationPlatforms) = postSolution
		{F19F1092-52B5-41A7-90F4-E8B4D25DAC43}.Debug|Any CPU.ActiveCfg = Debug|Any CPU
		{F19F1092-52B5-41A7-90F4-E8B4D25DAC43}.Debug|Any CPU.Build.0 = Debug|Any CPU
		{F19F1092-52B5-41A7-90F4-E8B4D25DAC43}.Release|Any CPU.ActiveCfg = Release|Any CPU
		{F19F1092-52B5-41A7-90F4-E8B4D25DAC43}.Release|Any CPU.Build.0 = Release|Any CPU
		{FA499BAB-DFCD-4F56-9CE3-D43581529975}.Debug|Any CPU.ActiveCfg = Debug|Any CPU
		{FA499BAB-DFCD-4F56-9CE3-D43581529975}.Debug|Any CPU.Build.0 = Debug|Any CPU
		{FA499BAB-DFCD-4F56-9CE3-D43581529975}.Release|Any CPU.ActiveCfg = Release|Any CPU
		{FA499BAB-DFCD-4F56-9CE3-D43581529975}.Release|Any CPU.Build.0 = Release|Any CPU
		{FAD178C2-46D2-44DA-AA32-BDB0DFB0449C}.Debug|Any CPU.ActiveCfg = Debug|Any CPU
		{FAD178C2-46D2-44DA-AA32-BDB0DFB0449C}.Debug|Any CPU.Build.0 = Debug|Any CPU
		{FAD178C2-46D2-44DA-AA32-BDB0DFB0449C}.Release|Any CPU.ActiveCfg = Release|Any CPU
		{FAD178C2-46D2-44DA-AA32-BDB0DFB0449C}.Release|Any CPU.Build.0 = Release|Any CPU
		{D228C649-C819-4C15-8DDF-492004AB4940}.Debug|Any CPU.ActiveCfg = Debug|Any CPU
		{D228C649-C819-4C15-8DDF-492004AB4940}.Debug|Any CPU.Build.0 = Debug|Any CPU
		{D228C649-C819-4C15-8DDF-492004AB4940}.Release|Any CPU.ActiveCfg = Release|Any CPU
		{D228C649-C819-4C15-8DDF-492004AB4940}.Release|Any CPU.Build.0 = Release|Any CPU
		{31BCD356-828E-42EC-A60E-2462419CCC90}.Debug|Any CPU.ActiveCfg = Debug|Any CPU
		{31BCD356-828E-42EC-A60E-2462419CCC90}.Debug|Any CPU.Build.0 = Debug|Any CPU
		{31BCD356-828E-42EC-A60E-2462419CCC90}.Release|Any CPU.ActiveCfg = Release|Any CPU
		{31BCD356-828E-42EC-A60E-2462419CCC90}.Release|Any CPU.Build.0 = Release|Any CPU
		{C51CD2A7-5D83-4C24-9E53-0EAAA1F7F671}.Debug|Any CPU.ActiveCfg = Debug|Any CPU
		{C51CD2A7-5D83-4C24-9E53-0EAAA1F7F671}.Debug|Any CPU.Build.0 = Debug|Any CPU
		{C51CD2A7-5D83-4C24-9E53-0EAAA1F7F671}.Release|Any CPU.ActiveCfg = Release|Any CPU
		{C51CD2A7-5D83-4C24-9E53-0EAAA1F7F671}.Release|Any CPU.Build.0 = Release|Any CPU
		{9DF0CC35-0431-4047-A28F-BCC02388C6E3}.Debug|Any CPU.ActiveCfg = Debug|Any CPU
		{9DF0CC35-0431-4047-A28F-BCC02388C6E3}.Debug|Any CPU.Build.0 = Debug|Any CPU
		{9DF0CC35-0431-4047-A28F-BCC02388C6E3}.Release|Any CPU.ActiveCfg = Release|Any CPU
		{9DF0CC35-0431-4047-A28F-BCC02388C6E3}.Release|Any CPU.Build.0 = Release|Any CPU
		{596EE830-263D-4484-9D4C-EA45CCEDA8E3}.Debug|Any CPU.ActiveCfg = Debug|Any CPU
		{596EE830-263D-4484-9D4C-EA45CCEDA8E3}.Debug|Any CPU.Build.0 = Debug|Any CPU
		{596EE830-263D-4484-9D4C-EA45CCEDA8E3}.Release|Any CPU.ActiveCfg = Release|Any CPU
		{596EE830-263D-4484-9D4C-EA45CCEDA8E3}.Release|Any CPU.Build.0 = Release|Any CPU
		{1E265992-A2F4-41DC-B319-E03F0728054E}.Debug|Any CPU.ActiveCfg = Debug|Any CPU
		{1E265992-A2F4-41DC-B319-E03F0728054E}.Debug|Any CPU.Build.0 = Debug|Any CPU
		{1E265992-A2F4-41DC-B319-E03F0728054E}.Release|Any CPU.ActiveCfg = Release|Any CPU
		{1E265992-A2F4-41DC-B319-E03F0728054E}.Release|Any CPU.Build.0 = Release|Any CPU
	EndGlobalSection
	GlobalSection(SolutionProperties) = preSolution
		HideSolutionNode = FALSE
	EndGlobalSection
	GlobalSection(NestedProjects) = preSolution
		{F19F1092-52B5-41A7-90F4-E8B4D25DAC43} = {974C55AA-2D47-4D2A-BDD7-4A7A247D46D3}
		{FA499BAB-DFCD-4F56-9CE3-D43581529975} = {974C55AA-2D47-4D2A-BDD7-4A7A247D46D3}
		{FAD178C2-46D2-44DA-AA32-BDB0DFB0449C} = {DC390B46-32E8-4D52-B4DD-847016804023}
		{D228C649-C819-4C15-8DDF-492004AB4940} = {591CA4C2-DB8B-40F4-81D2-25B7A400F8B1}
		{31BCD356-828E-42EC-A60E-2462419CCC90} = {591CA4C2-DB8B-40F4-81D2-25B7A400F8B1}
		{C51CD2A7-5D83-4C24-9E53-0EAAA1F7F671} = {297868DF-0100-4C53-A752-A5115DD6BA6E}
		{9DF0CC35-0431-4047-A28F-BCC02388C6E3} = {297868DF-0100-4C53-A752-A5115DD6BA6E}
		{596EE830-263D-4484-9D4C-EA45CCEDA8E3} = {B0C93119-AD44-4346-9D01-D6E3D78483B9}
		{1E265992-A2F4-41DC-B319-E03F0728054E} = {B0C93119-AD44-4346-9D01-D6E3D78483B9}
	EndGlobalSection
	GlobalSection(ExtensibilityGlobals) = postSolution
		SolutionGuid = {28DEA2F8-4A66-454E-8B7B-729CEA37348E}
	EndGlobalSection
EndGlobal
